
Microsoft Visual Studio Solution File, Format Version 12.00
Project("{FAE04EC0-301F-11D3-BF4B-00C04F79EFBC}") = "DotBased", "DotBased\DotBased.csproj", "{7FCF823B-D468-4C07-A4BB-192CD2C7EF57}"
EndProject
Project("{FAE04EC0-301F-11D3-BF4B-00C04F79EFBC}") = "CLI", "CLI\CLI.csproj", "{BAC347B8-42D9-42E1-999A-8CDBE73E9A49}"
EndProject
Project("{FAE04EC0-301F-11D3-BF4B-00C04F79EFBC}") = "DotBased.Logging.Serilog", "DotBased.Logging.Serilog\DotBased.Logging.Serilog.csproj", "{EBBDAF9A-BFC7-4BDC-8C51-0501B59A1DDC}"
EndProject
Project("{2150E333-8FDC-42A3-9474-1A3956D46DE8}") = "Modules", "Modules", "{2156FB93-C252-4B33-8A0C-73C82FABB163}"
EndProject
Project("{FAE04EC0-301F-11D3-BF4B-00C04F79EFBC}") = "DotBased.ASP.Auth", "DotBased.ASP.Auth\DotBased.ASP.Auth.csproj", "{CBD4111D-F1CA-466A-AC73-9EAB7F235B3D}"
EndProject
Project("{FAE04EC0-301F-11D3-BF4B-00C04F79EFBC}") = "DotBased.Logging.MEL", "DotBased.Logging.MEL\DotBased.Logging.MEL.csproj", "{D4D9B584-A524-4CBB-9B61-9CD65ED4AF0D}"
EndProject
Project("{2150E333-8FDC-42A3-9474-1A3956D46DE8}") = "Test", "Test", "{DBDB4538-85D4-45AC-9E0A-A684467AEABA}"
EndProject
Project("{FAE04EC0-301F-11D3-BF4B-00C04F79EFBC}") = "TestWebApi", "TestWebApi\TestWebApi.csproj", "{BADA4BAF-142B-47A8-95FC-B25E1D3D0020}"
EndProject
Project("{FAE04EC0-301F-11D3-BF4B-00C04F79EFBC}") = "Blazor.Wasm", "Blazor.Wasm\Blazor.Wasm.csproj", "{AC8343A5-7953-4E1D-A926-406BE4D7E819}"
EndProject
Project("{FAE04EC0-301F-11D3-BF4B-00C04F79EFBC}") = "DotBased.ASP.Authentication", "DotBased.ASP.Authentication\DotBased.ASP.Authentication.csproj", "{624BFC98-4534-4BC0-B92A-65A5F516241D}"
EndProject
Global
	GlobalSection(SolutionConfigurationPlatforms) = preSolution
		Debug|Any CPU = Debug|Any CPU
		Release|Any CPU = Release|Any CPU
	EndGlobalSection
	GlobalSection(ProjectConfigurationPlatforms) = postSolution
		{7FCF823B-D468-4C07-A4BB-192CD2C7EF57}.Debug|Any CPU.ActiveCfg = Debug|Any CPU
		{7FCF823B-D468-4C07-A4BB-192CD2C7EF57}.Debug|Any CPU.Build.0 = Debug|Any CPU
		{7FCF823B-D468-4C07-A4BB-192CD2C7EF57}.Release|Any CPU.ActiveCfg = Release|Any CPU
		{7FCF823B-D468-4C07-A4BB-192CD2C7EF57}.Release|Any CPU.Build.0 = Release|Any CPU
		{BAC347B8-42D9-42E1-999A-8CDBE73E9A49}.Debug|Any CPU.ActiveCfg = Debug|Any CPU
		{BAC347B8-42D9-42E1-999A-8CDBE73E9A49}.Debug|Any CPU.Build.0 = Debug|Any CPU
		{BAC347B8-42D9-42E1-999A-8CDBE73E9A49}.Release|Any CPU.ActiveCfg = Release|Any CPU
		{BAC347B8-42D9-42E1-999A-8CDBE73E9A49}.Release|Any CPU.Build.0 = Release|Any CPU
		{EBBDAF9A-BFC7-4BDC-8C51-0501B59A1DDC}.Debug|Any CPU.ActiveCfg = Debug|Any CPU
		{EBBDAF9A-BFC7-4BDC-8C51-0501B59A1DDC}.Debug|Any CPU.Build.0 = Debug|Any CPU
		{EBBDAF9A-BFC7-4BDC-8C51-0501B59A1DDC}.Release|Any CPU.ActiveCfg = Release|Any CPU
		{EBBDAF9A-BFC7-4BDC-8C51-0501B59A1DDC}.Release|Any CPU.Build.0 = Release|Any CPU
		{CBD4111D-F1CA-466A-AC73-9EAB7F235B3D}.Debug|Any CPU.ActiveCfg = Debug|Any CPU
		{CBD4111D-F1CA-466A-AC73-9EAB7F235B3D}.Debug|Any CPU.Build.0 = Debug|Any CPU
		{CBD4111D-F1CA-466A-AC73-9EAB7F235B3D}.Release|Any CPU.ActiveCfg = Release|Any CPU
		{CBD4111D-F1CA-466A-AC73-9EAB7F235B3D}.Release|Any CPU.Build.0 = Release|Any CPU
		{D4D9B584-A524-4CBB-9B61-9CD65ED4AF0D}.Debug|Any CPU.ActiveCfg = Debug|Any CPU
		{D4D9B584-A524-4CBB-9B61-9CD65ED4AF0D}.Debug|Any CPU.Build.0 = Debug|Any CPU
		{D4D9B584-A524-4CBB-9B61-9CD65ED4AF0D}.Release|Any CPU.ActiveCfg = Release|Any CPU
		{D4D9B584-A524-4CBB-9B61-9CD65ED4AF0D}.Release|Any CPU.Build.0 = Release|Any CPU
		{BADA4BAF-142B-47A8-95FC-B25E1D3D0020}.Debug|Any CPU.ActiveCfg = Debug|Any CPU
		{BADA4BAF-142B-47A8-95FC-B25E1D3D0020}.Debug|Any CPU.Build.0 = Debug|Any CPU
		{BADA4BAF-142B-47A8-95FC-B25E1D3D0020}.Release|Any CPU.ActiveCfg = Release|Any CPU
		{BADA4BAF-142B-47A8-95FC-B25E1D3D0020}.Release|Any CPU.Build.0 = Release|Any CPU
		{AC8343A5-7953-4E1D-A926-406BE4D7E819}.Debug|Any CPU.ActiveCfg = Debug|Any CPU
		{AC8343A5-7953-4E1D-A926-406BE4D7E819}.Debug|Any CPU.Build.0 = Debug|Any CPU
		{AC8343A5-7953-4E1D-A926-406BE4D7E819}.Release|Any CPU.ActiveCfg = Release|Any CPU
		{AC8343A5-7953-4E1D-A926-406BE4D7E819}.Release|Any CPU.Build.0 = Release|Any CPU
		{624BFC98-4534-4BC0-B92A-65A5F516241D}.Debug|Any CPU.ActiveCfg = Debug|Any CPU
		{624BFC98-4534-4BC0-B92A-65A5F516241D}.Debug|Any CPU.Build.0 = Debug|Any CPU
		{624BFC98-4534-4BC0-B92A-65A5F516241D}.Release|Any CPU.ActiveCfg = Release|Any CPU
		{624BFC98-4534-4BC0-B92A-65A5F516241D}.Release|Any CPU.Build.0 = Release|Any CPU
	EndGlobalSection
	GlobalSection(NestedProjects) = preSolution
		{EBBDAF9A-BFC7-4BDC-8C51-0501B59A1DDC} = {2156FB93-C252-4B33-8A0C-73C82FABB163}
		{CBD4111D-F1CA-466A-AC73-9EAB7F235B3D} = {2156FB93-C252-4B33-8A0C-73C82FABB163}
		{D4D9B584-A524-4CBB-9B61-9CD65ED4AF0D} = {2156FB93-C252-4B33-8A0C-73C82FABB163}
		{BADA4BAF-142B-47A8-95FC-B25E1D3D0020} = {DBDB4538-85D4-45AC-9E0A-A684467AEABA}
		{AC8343A5-7953-4E1D-A926-406BE4D7E819} = {DBDB4538-85D4-45AC-9E0A-A684467AEABA}
		{624BFC98-4534-4BC0-B92A-65A5F516241D} = {2156FB93-C252-4B33-8A0C-73C82FABB163}
	EndGlobalSection
EndGlobal
